
Microsoft Visual Studio Solution File, Format Version 12.00
# Visual Studio Version 16
VisualStudioVersion = 16.0.31829.152
MinimumVisualStudioVersion = 10.0.40219.1
Project("{FAE04EC0-301F-11D3-BF4B-00C04F79EFBC}") = "School", "School\School.csproj", "{3C08425A-774E-4D2E-A8D4-B22A6C22076C}"
EndProject
Global
	GlobalSection(SolutionConfigurationPlatforms) = preSolution
		Debug|Any CPU = Debug|Any CPU
		Release|Any CPU = Release|Any CPU
	EndGlobalSection
	GlobalSection(ProjectConfigurationPlatforms) = postSolution
		{3C08425A-774E-4D2E-A8D4-B22A6C22076C}.Debug|Any CPU.ActiveCfg = Debug|Any CPU
		{3C08425A-774E-4D2E-A8D4-B22A6C22076C}.Debug|Any CPU.Build.0 = Debug|Any CPU
		{3C08425A-774E-4D2E-A8D4-B22A6C22076C}.Release|Any CPU.ActiveCfg = Release|Any CPU
		{3C08425A-774E-4D2E-A8D4-B22A6C22076C}.Release|Any CPU.Build.0 = Release|Any CPU
	EndGlobalSection
	GlobalSection(SolutionProperties) = preSolution
		HideSolutionNode = FALSE
	EndGlobalSection
	GlobalSection(ExtensibilityGlobals) = postSolution
		SolutionGuid = {218F9149-6B83-4F94-A3B3-0FB33F839F7F}
	EndGlobalSection
EndGlobal
